
Microsoft Visual Studio Solution File, Format Version 12.00
# Visual Studio Version 17
VisualStudioVersion = 17.2.32602.215
MinimumVisualStudioVersion = 10.0.40219.1
Project("{9A19103F-16F7-4668-BE54-9A1E7A4F7556}") = "WinFormsApp7", "WinFormsApp7.csproj", "{8E771DF3-B6D3-4CC3-ABA7-EDDFC813B8BD}"
EndProject
Project("{2150E333-8FDC-42A3-9474-1A3956D46DE8}") = "Solution Items", "Solution Items", "{4F5092F1-C30C-4818-8C2D-FC07D1AA51EF}"
	ProjectSection(SolutionItems) = preProject
		.editorconfig = .editorconfig
	EndProjectSection
EndProject
Global
	GlobalSection(SolutionConfigurationPlatforms) = preSolution
		Debug|Any CPU = Debug|Any CPU
		Release|Any CPU = Release|Any CPU
	EndGlobalSection
	GlobalSection(ProjectConfigurationPlatforms) = postSolution
		{8E771DF3-B6D3-4CC3-ABA7-EDDFC813B8BD}.Debug|Any CPU.ActiveCfg = Debug|Any CPU
		{8E771DF3-B6D3-4CC3-ABA7-EDDFC813B8BD}.Debug|Any CPU.Build.0 = Debug|Any CPU
		{8E771DF3-B6D3-4CC3-ABA7-EDDFC813B8BD}.Release|Any CPU.ActiveCfg = Release|Any CPU
		{8E771DF3-B6D3-4CC3-ABA7-EDDFC813B8BD}.Release|Any CPU.Build.0 = Release|Any CPU
	EndGlobalSection
	GlobalSection(SolutionProperties) = preSolution
		HideSolutionNode = FALSE
	EndGlobalSection
	GlobalSection(ExtensibilityGlobals) = postSolution
		SolutionGuid = {1380C241-8DA7-490C-9F9D-C55F682BB052}
	EndGlobalSection
EndGlobal
